
Microsoft Visual Studio Solution File, Format Version 12.00
# Visual Studio Version 17
VisualStudioVersion = 17.14.36121.58
MinimumVisualStudioVersion = 10.0.40219.1
Project("{FAE04EC0-301F-11D3-BF4B-00C04F79EFBC}") = "Movies.Api", "Movies.Api\Movies.Api.csproj", "{1189606F-50F7-4390-BB70-6B3CE1992B78}"
EndProject
Project("{FAE04EC0-301F-11D3-BF4B-00C04F79EFBC}") = "Movies.Application", "Movies.Application\Movies.Application.csproj", "{77AF0CB1-A0E8-4061-91FA-5E248F4B0D5F}"
EndProject
Project("{FAE04EC0-301F-11D3-BF4B-00C04F79EFBC}") = "Movies.Contracts", "Movies.Contract\Movies.Contracts.csproj", "{C732B12A-7AE9-4046-BA65-3C2A2C325F27}"
EndProject
Project("{FAE04EC0-301F-11D3-BF4B-00C04F79EFBC}") = "Movies.Api.Sdk", "Movies.Api.Sdk\Movies.Api.Sdk.csproj", "{8E6487CF-92FB-779F-3C56-421F09E16C13}"
EndProject
Project("{FAE04EC0-301F-11D3-BF4B-00C04F79EFBC}") = "Movies.Api.Sdk.Consumer", "Movies.Api.Sdk.Consumer\Movies.Api.Sdk.Consumer.csproj", "{86B25E1E-0EE5-A4D0-05C6-77EE303B462B}"
EndProject
Project("{2150E333-8FDC-42A3-9474-1A3956D46DE8}") = "Helpers", "Helpers", "{02EA681E-C7D8-13C7-8484-4AC65E1B71E8}"
	ProjectSection(SolutionItems) = preProject
		Helpers\Movies.Api.postman_collection.json = Helpers\Movies.Api.postman_collection.json
	EndProjectSection
EndProject
Project("{2150E333-8FDC-42A3-9474-1A3956D46DE8}") = "Identity.Api", "Identity.Api", "{548BB8F4-8D05-41F3-9E3F-D15AB4EAA551}"
EndProject
Project("{FAE04EC0-301F-11D3-BF4B-00C04F79EFBC}") = "Identity.Api", "Helpers\Identity.Api\Identity.Api.csproj", "{7EAA0A45-61F4-1420-66FA-DE2C5B7C151D}"
EndProject
Global
	GlobalSection(SolutionConfigurationPlatforms) = preSolution
		Debug|Any CPU = Debug|Any CPU
		Release|Any CPU = Release|Any CPU
	EndGlobalSection
	GlobalSection(ProjectConfigurationPlatforms) = postSolution
		{1189606F-50F7-4390-BB70-6B3CE1992B78}.Debug|Any CPU.ActiveCfg = Debug|Any CPU
		{1189606F-50F7-4390-BB70-6B3CE1992B78}.Debug|Any CPU.Build.0 = Debug|Any CPU
		{1189606F-50F7-4390-BB70-6B3CE1992B78}.Release|Any CPU.ActiveCfg = Release|Any CPU
		{1189606F-50F7-4390-BB70-6B3CE1992B78}.Release|Any CPU.Build.0 = Release|Any CPU
		{77AF0CB1-A0E8-4061-91FA-5E248F4B0D5F}.Debug|Any CPU.ActiveCfg = Debug|Any CPU
		{77AF0CB1-A0E8-4061-91FA-5E248F4B0D5F}.Debug|Any CPU.Build.0 = Debug|Any CPU
		{77AF0CB1-A0E8-4061-91FA-5E248F4B0D5F}.Release|Any CPU.ActiveCfg = Release|Any CPU
		{77AF0CB1-A0E8-4061-91FA-5E248F4B0D5F}.Release|Any CPU.Build.0 = Release|Any CPU
		{C732B12A-7AE9-4046-BA65-3C2A2C325F27}.Debug|Any CPU.ActiveCfg = Debug|Any CPU
		{C732B12A-7AE9-4046-BA65-3C2A2C325F27}.Debug|Any CPU.Build.0 = Debug|Any CPU
		{C732B12A-7AE9-4046-BA65-3C2A2C325F27}.Release|Any CPU.ActiveCfg = Release|Any CPU
		{C732B12A-7AE9-4046-BA65-3C2A2C325F27}.Release|Any CPU.Build.0 = Release|Any CPU
		{8E6487CF-92FB-779F-3C56-421F09E16C13}.Debug|Any CPU.ActiveCfg = Debug|Any CPU
		{8E6487CF-92FB-779F-3C56-421F09E16C13}.Debug|Any CPU.Build.0 = Debug|Any CPU
		{8E6487CF-92FB-779F-3C56-421F09E16C13}.Release|Any CPU.ActiveCfg = Release|Any CPU
		{8E6487CF-92FB-779F-3C56-421F09E16C13}.Release|Any CPU.Build.0 = Release|Any CPU
		{86B25E1E-0EE5-A4D0-05C6-77EE303B462B}.Debug|Any CPU.ActiveCfg = Debug|Any CPU
		{86B25E1E-0EE5-A4D0-05C6-77EE303B462B}.Debug|Any CPU.Build.0 = Debug|Any CPU
		{86B25E1E-0EE5-A4D0-05C6-77EE303B462B}.Release|Any CPU.ActiveCfg = Release|Any CPU
		{86B25E1E-0EE5-A4D0-05C6-77EE303B462B}.Release|Any CPU.Build.0 = Release|Any CPU
		{7EAA0A45-61F4-1420-66FA-DE2C5B7C151D}.Debug|Any CPU.ActiveCfg = Debug|Any CPU
		{7EAA0A45-61F4-1420-66FA-DE2C5B7C151D}.Debug|Any CPU.Build.0 = Debug|Any CPU
		{7EAA0A45-61F4-1420-66FA-DE2C5B7C151D}.Release|Any CPU.ActiveCfg = Release|Any CPU
		{7EAA0A45-61F4-1420-66FA-DE2C5B7C151D}.Release|Any CPU.Build.0 = Release|Any CPU
	EndGlobalSection
	GlobalSection(SolutionProperties) = preSolution
		HideSolutionNode = FALSE
	EndGlobalSection
	GlobalSection(NestedProjects) = preSolution
		{548BB8F4-8D05-41F3-9E3F-D15AB4EAA551} = {02EA681E-C7D8-13C7-8484-4AC65E1B71E8}
		{7EAA0A45-61F4-1420-66FA-DE2C5B7C151D} = {548BB8F4-8D05-41F3-9E3F-D15AB4EAA551}
	EndGlobalSection
	GlobalSection(ExtensibilityGlobals) = postSolution
		SolutionGuid = {2FE44FAA-7CFB-430F-929B-D6546A1DE17D}
	EndGlobalSection
EndGlobal
